
Microsoft Visual Studio Solution File, Format Version 12.00
# Visual Studio Version 17
VisualStudioVersion = 17.2.32616.157
MinimumVisualStudioVersion = 10.0.40219.1
Project("{FAE04EC0-301F-11D3-BF4B-00C04F79EFBC}") = "KMClothing", "KMClothing\KMClothing.csproj", "{56A57EA0-B708-4BD8-AC8F-10BA992E190D}"
EndProject
Global
	GlobalSection(SolutionConfigurationPlatforms) = preSolution
		Debug|Any CPU = Debug|Any CPU
		Release|Any CPU = Release|Any CPU
	EndGlobalSection
	GlobalSection(ProjectConfigurationPlatforms) = postSolution
		{56A57EA0-B708-4BD8-AC8F-10BA992E190D}.Debug|Any CPU.ActiveCfg = Debug|Any CPU
		{56A57EA0-B708-4BD8-AC8F-10BA992E190D}.Debug|Any CPU.Build.0 = Debug|Any CPU
		{56A57EA0-B708-4BD8-AC8F-10BA992E190D}.Release|Any CPU.ActiveCfg = Release|Any CPU
		{56A57EA0-B708-4BD8-AC8F-10BA992E190D}.Release|Any CPU.Build.0 = Release|Any CPU
	EndGlobalSection
	GlobalSection(SolutionProperties) = preSolution
		HideSolutionNode = FALSE
	EndGlobalSection
	GlobalSection(ExtensibilityGlobals) = postSolution
		SolutionGuid = {BA54CE5A-7AE8-4AED-9703-98CD410CC72F}
	EndGlobalSection
EndGlobal
